
Microsoft Visual Studio Solution File, Format Version 12.00
# Visual Studio Version 16
VisualStudioVersion = 16.0.31112.23
MinimumVisualStudioVersion = 10.0.40219.1
Project("{FAE04EC0-301F-11D3-BF4B-00C04F79EFBC}") = "Zarplata", "Zarplata\Zarplata.csproj", "{851E93F9-691C-423C-8452-8DD9E4818500}"
EndProject
Project("{FAE04EC0-301F-11D3-BF4B-00C04F79EFBC}") = "Domain", "Domain\Domain.csproj", "{2C556352-4C77-4957-B609-05718F40D441}"
EndProject
Project("{FAE04EC0-301F-11D3-BF4B-00C04F79EFBC}") = "Storage", "Storage\Storage.csproj", "{E5A020B6-A35D-4526-AA5C-833ED23214FB}"
EndProject
Project("{FAE04EC0-301F-11D3-BF4B-00C04F79EFBC}") = "Tests", "Tests\Tests.csproj", "{4134CF8A-26D3-4F14-B73C-65B170B0268F}"
EndProject
Global
	GlobalSection(SolutionConfigurationPlatforms) = preSolution
		Debug|Any CPU = Debug|Any CPU
		Release|Any CPU = Release|Any CPU
	EndGlobalSection
	GlobalSection(ProjectConfigurationPlatforms) = postSolution
		{851E93F9-691C-423C-8452-8DD9E4818500}.Debug|Any CPU.ActiveCfg = Debug|Any CPU
		{851E93F9-691C-423C-8452-8DD9E4818500}.Debug|Any CPU.Build.0 = Debug|Any CPU
		{851E93F9-691C-423C-8452-8DD9E4818500}.Release|Any CPU.ActiveCfg = Release|Any CPU
		{851E93F9-691C-423C-8452-8DD9E4818500}.Release|Any CPU.Build.0 = Release|Any CPU
		{2C556352-4C77-4957-B609-05718F40D441}.Debug|Any CPU.ActiveCfg = Debug|Any CPU
		{2C556352-4C77-4957-B609-05718F40D441}.Debug|Any CPU.Build.0 = Debug|Any CPU
		{2C556352-4C77-4957-B609-05718F40D441}.Release|Any CPU.ActiveCfg = Release|Any CPU
		{2C556352-4C77-4957-B609-05718F40D441}.Release|Any CPU.Build.0 = Release|Any CPU
		{E5A020B6-A35D-4526-AA5C-833ED23214FB}.Debug|Any CPU.ActiveCfg = Debug|Any CPU
		{E5A020B6-A35D-4526-AA5C-833ED23214FB}.Debug|Any CPU.Build.0 = Debug|Any CPU
		{E5A020B6-A35D-4526-AA5C-833ED23214FB}.Release|Any CPU.ActiveCfg = Release|Any CPU
		{E5A020B6-A35D-4526-AA5C-833ED23214FB}.Release|Any CPU.Build.0 = Release|Any CPU
		{4134CF8A-26D3-4F14-B73C-65B170B0268F}.Debug|Any CPU.ActiveCfg = Debug|Any CPU
		{4134CF8A-26D3-4F14-B73C-65B170B0268F}.Debug|Any CPU.Build.0 = Debug|Any CPU
		{4134CF8A-26D3-4F14-B73C-65B170B0268F}.Release|Any CPU.ActiveCfg = Release|Any CPU
		{4134CF8A-26D3-4F14-B73C-65B170B0268F}.Release|Any CPU.Build.0 = Release|Any CPU
	EndGlobalSection
	GlobalSection(SolutionProperties) = preSolution
		HideSolutionNode = FALSE
	EndGlobalSection
	GlobalSection(ExtensibilityGlobals) = postSolution
		SolutionGuid = {437B4F76-187B-40DC-8A2B-DF4E326A83CD}
	EndGlobalSection
EndGlobal
